
Microsoft Visual Studio Solution File, Format Version 12.00
# Visual Studio Version 17
VisualStudioVersion = 17.7.34031.279
MinimumVisualStudioVersion = 10.0.40219.1
Project("{F184B08F-C81C-45F6-A57F-5ABD9991F28F}") = "Looping", "Looping.vbproj", "{92D12412-094C-4439-83D1-1EF57EE28327}"
EndProject
Global
	GlobalSection(SolutionConfigurationPlatforms) = preSolution
		Debug|Any CPU = Debug|Any CPU
		Release|Any CPU = Release|Any CPU
	EndGlobalSection
	GlobalSection(ProjectConfigurationPlatforms) = postSolution
		{92D12412-094C-4439-83D1-1EF57EE28327}.Debug|Any CPU.ActiveCfg = Debug|Any CPU
		{92D12412-094C-4439-83D1-1EF57EE28327}.Debug|Any CPU.Build.0 = Debug|Any CPU
		{92D12412-094C-4439-83D1-1EF57EE28327}.Release|Any CPU.ActiveCfg = Release|Any CPU
		{92D12412-094C-4439-83D1-1EF57EE28327}.Release|Any CPU.Build.0 = Release|Any CPU
	EndGlobalSection
	GlobalSection(SolutionProperties) = preSolution
		HideSolutionNode = FALSE
	EndGlobalSection
	GlobalSection(ExtensibilityGlobals) = postSolution
		SolutionGuid = {294D5317-39D0-4FF0-825C-72ADF3AC3B03}
	EndGlobalSection
EndGlobal
